
Microsoft Visual Studio Solution File, Format Version 12.00
# Visual Studio Version 16
VisualStudioVersion = 16.0.29318.209
MinimumVisualStudioVersion = 10.0.40219.1
Project("{FAE04EC0-301F-11D3-BF4B-00C04F79EFBC}") = "sqlite-persistence", "sqlite-persistence\sqlite-persistence.csproj", "{D956F4A7-0A96-433B-98DA-EC496B0C85A4}"
EndProject
Global
	GlobalSection(SolutionConfigurationPlatforms) = preSolution
		Debug|Any CPU = Debug|Any CPU
		Release|Any CPU = Release|Any CPU
	EndGlobalSection
	GlobalSection(ProjectConfigurationPlatforms) = postSolution
		{D956F4A7-0A96-433B-98DA-EC496B0C85A4}.Debug|Any CPU.ActiveCfg = Debug|Any CPU
		{D956F4A7-0A96-433B-98DA-EC496B0C85A4}.Debug|Any CPU.Build.0 = Debug|Any CPU
		{D956F4A7-0A96-433B-98DA-EC496B0C85A4}.Release|Any CPU.ActiveCfg = Release|Any CPU
		{D956F4A7-0A96-433B-98DA-EC496B0C85A4}.Release|Any CPU.Build.0 = Release|Any CPU
	EndGlobalSection
	GlobalSection(SolutionProperties) = preSolution
		HideSolutionNode = FALSE
	EndGlobalSection
	GlobalSection(ExtensibilityGlobals) = postSolution
		SolutionGuid = {E3B7A069-A40F-420A-A1E3-33F424BD9635}
	EndGlobalSection
EndGlobal
